
Microsoft Visual Studio Solution File, Format Version 12.00
# Visual Studio Version 16
VisualStudioVersion = 16.0.30717.126
MinimumVisualStudioVersion = 10.0.40219.1
Project("{FAE04EC0-301F-11D3-BF4B-00C04F79EFBC}") = "PatientenAkte.Web", "PatientenAkte.Web\PatientenAkte.Web.csproj", "{DF313D4D-F9BB-41F3-9B93-D1ED589848B0}"
EndProject
Project("{FAE04EC0-301F-11D3-BF4B-00C04F79EFBC}") = "PatientenAkte.Model", "PatientenAkte.Model\PatientenAkte.Model.csproj", "{9B73B900-E5EB-463F-8444-E2BC393681A2}"
EndProject
Global
	GlobalSection(SolutionConfigurationPlatforms) = preSolution
		Debug|Any CPU = Debug|Any CPU
		Release|Any CPU = Release|Any CPU
	EndGlobalSection
	GlobalSection(ProjectConfigurationPlatforms) = postSolution
		{DF313D4D-F9BB-41F3-9B93-D1ED589848B0}.Debug|Any CPU.ActiveCfg = Debug|Any CPU
		{DF313D4D-F9BB-41F3-9B93-D1ED589848B0}.Debug|Any CPU.Build.0 = Debug|Any CPU
		{DF313D4D-F9BB-41F3-9B93-D1ED589848B0}.Release|Any CPU.ActiveCfg = Release|Any CPU
		{DF313D4D-F9BB-41F3-9B93-D1ED589848B0}.Release|Any CPU.Build.0 = Release|Any CPU
		{9B73B900-E5EB-463F-8444-E2BC393681A2}.Debug|Any CPU.ActiveCfg = Debug|Any CPU
		{9B73B900-E5EB-463F-8444-E2BC393681A2}.Debug|Any CPU.Build.0 = Debug|Any CPU
		{9B73B900-E5EB-463F-8444-E2BC393681A2}.Release|Any CPU.ActiveCfg = Release|Any CPU
		{9B73B900-E5EB-463F-8444-E2BC393681A2}.Release|Any CPU.Build.0 = Release|Any CPU
	EndGlobalSection
	GlobalSection(SolutionProperties) = preSolution
		HideSolutionNode = FALSE
	EndGlobalSection
	GlobalSection(ExtensibilityGlobals) = postSolution
		SolutionGuid = {CA060544-F3AC-4327-B7FD-5EFB2F9E66C5}
	EndGlobalSection
EndGlobal
